// !$*UTF8*$!
{
	archiveVersion = 1;
	classes = {
	};
	objectVersion = 46;
	objects = {

/* Begin PBXAggregateTarget section */
		"BobaFetch::BobaFetchPackageTests::ProductTarget" /* BobaFetchPackageTests */ = {
			isa = PBXAggregateTarget;
			buildConfigurationList = OBJ_32 /* Build configuration list for PBXAggregateTarget "BobaFetchPackageTests" */;
			buildPhases = (
			);
			dependencies = (
				OBJ_35 /* PBXTargetDependency */,
			);
			name = BobaFetchPackageTests;
			productName = BobaFetchPackageTests;
		};
/* End PBXAggregateTarget section */

/* Begin PBXBuildFile section */
		3194A60526E1CF8D0071E638 /* Films.swift in Sources */ = {isa = PBXBuildFile; fileRef = 3194A60426E1CF8D0071E638 /* Films.swift */; };
		3194A60726E1CF900071E638 /* Planets.swift in Sources */ = {isa = PBXBuildFile; fileRef = 3194A60626E1CF900071E638 /* Planets.swift */; };
		3194A60926E1CFA40071E638 /* Eyes.swift in Sources */ = {isa = PBXBuildFile; fileRef = 3194A60826E1CFA40071E638 /* Eyes.swift */; };
		3194A61026E1CFD30071E638 /* Endpoints.swift in Sources */ = {isa = PBXBuildFile; fileRef = 3194A60F26E1CFD30071E638 /* Endpoints.swift */; };
		3194A61326E1CFE00071E638 /* Networking.swift in Sources */ = {isa = PBXBuildFile; fileRef = 3194A61226E1CFE00071E638 /* Networking.swift */; };
		3194A61726E1D0460071E638 /* BobaFetchEyesTests.swift in Sources */ = {isa = PBXBuildFile; fileRef = 3194A61426E1D0460071E638 /* BobaFetchEyesTests.swift */; };
		3194A61826E1D0460071E638 /* BobaFetchFilmsTests.swift in Sources */ = {isa = PBXBuildFile; fileRef = 3194A61526E1D0460071E638 /* BobaFetchFilmsTests.swift */; };
		3194A61926E1D0460071E638 /* BobaFetchPlanetsTests.swift in Sources */ = {isa = PBXBuildFile; fileRef = 3194A61626E1D0460071E638 /* BobaFetchPlanetsTests.swift */; };
		3194A61D26E1D1200071E638 /* Extensions.swift in Sources */ = {isa = PBXBuildFile; fileRef = 3194A61A26E1D0EF0071E638 /* Extensions.swift */; };
		3194A61E26E1D2280071E638 /* BobaFetch.swift in Sources */ = {isa = PBXBuildFile; fileRef = OBJ_9 /* BobaFetch.swift */; };
		OBJ_30 /* Package.swift in Sources */ = {isa = PBXBuildFile; fileRef = OBJ_6 /* Package.swift */; };
		OBJ_43 /* BobaFetch.framework in Frameworks */ = {isa = PBXBuildFile; fileRef = "BobaFetch::BobaFetch::Product" /* BobaFetch.framework */; };
/* End PBXBuildFile section */

/* Begin PBXContainerItemProxy section */
		3194A5D026E1CC8D0071E638 /* PBXContainerItemProxy */ = {
			isa = PBXContainerItemProxy;
			containerPortal = OBJ_1 /* Project object */;
			proxyType = 1;
			remoteGlobalIDString = "BobaFetch::BobaFetch";
			remoteInfo = BobaFetch;
		};
		3194A5D126E1CC8E0071E638 /* PBXContainerItemProxy */ = {
			isa = PBXContainerItemProxy;
			containerPortal = OBJ_1 /* Project object */;
			proxyType = 1;
			remoteGlobalIDString = "BobaFetch::BobaFetchTests";
			remoteInfo = BobaFetchTests;
		};
/* End PBXContainerItemProxy section */

/* Begin PBXFileReference section */
		3194A5F926E1CF230071E638 /* Info.plist */ = {isa = PBXFileReference; lastKnownFileType = text.plist; name = Info.plist; path = BobaFetch/Source/BobaFetchPackage/Info.plist; sourceTree = SOURCE_ROOT; };
		3194A5FB26E1CF230071E638 /* BobaFetch.h */ = {isa = PBXFileReference; fileEncoding = 4; lastKnownFileType = sourcecode.c.h; name = BobaFetch.h; path = BobaFetch/Source/BobaFetchPackage/BobaFetch.h; sourceTree = SOURCE_ROOT; };
		3194A60426E1CF8D0071E638 /* Films.swift */ = {isa = PBXFileReference; lastKnownFileType = sourcecode.swift; path = Films.swift; sourceTree = "<group>"; };
		3194A60626E1CF900071E638 /* Planets.swift */ = {isa = PBXFileReference; lastKnownFileType = sourcecode.swift; path = Planets.swift; sourceTree = "<group>"; };
		3194A60826E1CFA40071E638 /* Eyes.swift */ = {isa = PBXFileReference; fileEncoding = 4; lastKnownFileType = sourcecode.swift; name = Eyes.swift; path = ../../../../../../.Trash/Eyes.swift; sourceTree = "<group>"; };
		3194A60B26E1CFBF0071E638 /* Eyes.json */ = {isa = PBXFileReference; lastKnownFileType = text.json; path = Eyes.json; sourceTree = "<group>"; };
		3194A60C26E1CFC50071E638 /* Films.json */ = {isa = PBXFileReference; lastKnownFileType = text.json; path = Films.json; sourceTree = "<group>"; };
		3194A60D26E1CFC90071E638 /* Planets.json */ = {isa = PBXFileReference; lastKnownFileType = text.json; path = Planets.json; sourceTree = "<group>"; };
		3194A60F26E1CFD30071E638 /* Endpoints.swift */ = {isa = PBXFileReference; fileEncoding = 4; lastKnownFileType = sourcecode.swift; path = Endpoints.swift; sourceTree = "<group>"; };
		3194A61226E1CFE00071E638 /* Networking.swift */ = {isa = PBXFileReference; fileEncoding = 4; lastKnownFileType = sourcecode.swift; path = Networking.swift; sourceTree = "<group>"; };
		3194A61426E1D0460071E638 /* BobaFetchEyesTests.swift */ = {isa = PBXFileReference; fileEncoding = 4; lastKnownFileType = sourcecode.swift; name = BobaFetchEyesTests.swift; path = BobaFetch/Tests/BobaFetchTests/BobaFetchEyesTests.swift; sourceTree = SOURCE_ROOT; };
		3194A61526E1D0460071E638 /* BobaFetchFilmsTests.swift */ = {isa = PBXFileReference; fileEncoding = 4; lastKnownFileType = sourcecode.swift; name = BobaFetchFilmsTests.swift; path = BobaFetch/Tests/BobaFetchTests/BobaFetchFilmsTests.swift; sourceTree = SOURCE_ROOT; };
		3194A61626E1D0460071E638 /* BobaFetchPlanetsTests.swift */ = {isa = PBXFileReference; fileEncoding = 4; lastKnownFileType = sourcecode.swift; name = BobaFetchPlanetsTests.swift; path = BobaFetch/Tests/BobaFetchTests/BobaFetchPlanetsTests.swift; sourceTree = SOURCE_ROOT; };
		3194A61A26E1D0EF0071E638 /* Extensions.swift */ = {isa = PBXFileReference; lastKnownFileType = sourcecode.swift; path = Extensions.swift; sourceTree = "<group>"; };
		"BobaFetch::BobaFetch::Product" /* BobaFetch.framework */ = {isa = PBXFileReference; lastKnownFileType = wrapper.framework; path = BobaFetch.framework; sourceTree = BUILT_PRODUCTS_DIR; };
		"BobaFetch::BobaFetchTests::Product" /* BobaFetchTests.xctest */ = {isa = PBXFileReference; lastKnownFileType = file; path = BobaFetchTests.xctest; sourceTree = BUILT_PRODUCTS_DIR; };
		OBJ_16 /* BobaFetch */ = {isa = PBXFileReference; lastKnownFileType = folder; path = BobaFetch; sourceTree = SOURCE_ROOT; };
		OBJ_17 /* README.md */ = {isa = PBXFileReference; lastKnownFileType = net.daringfireball.markdown; path = README.md; sourceTree = "<group>"; };
		OBJ_6 /* Package.swift */ = {isa = PBXFileReference; explicitFileType = sourcecode.swift; path = Package.swift; sourceTree = "<group>"; };
		OBJ_9 /* BobaFetch.swift */ = {isa = PBXFileReference; lastKnownFileType = sourcecode.swift; path = BobaFetch.swift; sourceTree = "<group>"; };
/* End PBXFileReference section */

/* Begin PBXFrameworksBuildPhase section */
		OBJ_24 /* Frameworks */ = {
			isa = PBXFrameworksBuildPhase;
			buildActionMask = 0;
			files = (
			);
			runOnlyForDeploymentPostprocessing = 0;
		};
		OBJ_42 /* Frameworks */ = {
			isa = PBXFrameworksBuildPhase;
			buildActionMask = 0;
			files = (
				OBJ_43 /* BobaFetch.framework in Frameworks */,
			);
			runOnlyForDeploymentPostprocessing = 0;
		};
/* End PBXFrameworksBuildPhase section */

/* Begin PBXGroup section */
		3194A5FF26E1CF7B0071E638 /* Models */ = {
			isa = PBXGroup;
			children = (
				3194A60826E1CFA40071E638 /* Eyes.swift */,
				3194A60426E1CF8D0071E638 /* Films.swift */,
				3194A60626E1CF900071E638 /* Planets.swift */,
			);
			path = Models;
			sourceTree = "<group>";
		};
		3194A60A26E1CFAF0071E638 /* SampleJsons */ = {
			isa = PBXGroup;
			children = (
				3194A60B26E1CFBF0071E638 /* Eyes.json */,
				3194A60C26E1CFC50071E638 /* Films.json */,
				3194A60D26E1CFC90071E638 /* Planets.json */,
			);
			path = SampleJsons;
			sourceTree = "<group>";
		};
		3194A60E26E1CFCC0071E638 /* Service */ = {
			isa = PBXGroup;
			children = (
				3194A60F26E1CFD30071E638 /* Endpoints.swift */,
				3194A61A26E1D0EF0071E638 /* Extensions.swift */,
			);
			path = Service;
			sourceTree = "<group>";
		};
		3194A61126E1CFD80071E638 /* Workers */ = {
			isa = PBXGroup;
			children = (
				3194A61226E1CFE00071E638 /* Networking.swift */,
			);
			path = Workers;
			sourceTree = "<group>";
		};
		OBJ_10 /* Tests */ = {
			isa = PBXGroup;
			children = (
				OBJ_11 /* BobaFetchTests */,
			);
			name = Tests;
			sourceTree = SOURCE_ROOT;
		};
		OBJ_11 /* BobaFetchTests */ = {
			isa = PBXGroup;
			children = (
				3194A61426E1D0460071E638 /* BobaFetchEyesTests.swift */,
				3194A61526E1D0460071E638 /* BobaFetchFilmsTests.swift */,
				3194A61626E1D0460071E638 /* BobaFetchPlanetsTests.swift */,
			);
			name = BobaFetchTests;
			path = Tests/BobaFetchTests;
			sourceTree = SOURCE_ROOT;
		};
		OBJ_13 /* Products */ = {
			isa = PBXGroup;
			children = (
				"BobaFetch::BobaFetch::Product" /* BobaFetch.framework */,
				"BobaFetch::BobaFetchTests::Product" /* BobaFetchTests.xctest */,
			);
			name = Products;
			sourceTree = BUILT_PRODUCTS_DIR;
		};
		OBJ_5 = {
			isa = PBXGroup;
			children = (
				OBJ_6 /* Package.swift */,
				OBJ_7 /* Sources */,
				OBJ_13 /* Products */,
				OBJ_16 /* BobaFetch */,
				OBJ_17 /* README.md */,
			);
			sourceTree = "<group>";
		};
		OBJ_7 /* Sources */ = {
			isa = PBXGroup;
			children = (
				OBJ_8 /* BobaFetch */,
			);
			name = Sources;
			sourceTree = SOURCE_ROOT;
		};
		OBJ_8 /* BobaFetch */ = {
			isa = PBXGroup;
			children = (
				3194A61126E1CFD80071E638 /* Workers */,
				3194A60E26E1CFCC0071E638 /* Service */,
				3194A60A26E1CFAF0071E638 /* SampleJsons */,
				3194A5FF26E1CF7B0071E638 /* Models */,
				OBJ_10 /* Tests */,
				OBJ_9 /* BobaFetch.swift */,
				3194A5FB26E1CF230071E638 /* BobaFetch.h */,
				3194A5F926E1CF230071E638 /* Info.plist */,
			);
			name = BobaFetch;
			path = Sources/BobaFetch;
			sourceTree = SOURCE_ROOT;
		};
/* End PBXGroup section */

/* Begin PBXNativeTarget section */
		"BobaFetch::BobaFetch" /* BobaFetch */ = {
			isa = PBXNativeTarget;
			buildConfigurationList = OBJ_19 /* Build configuration list for PBXNativeTarget "BobaFetch" */;
			buildPhases = (
				OBJ_22 /* Sources */,
				OBJ_24 /* Frameworks */,
			);
			buildRules = (
			);
			dependencies = (
			);
			name = BobaFetch;
			productName = BobaFetch;
			productReference = "BobaFetch::BobaFetch::Product" /* BobaFetch.framework */;
			productType = "com.apple.product-type.framework";
		};
		"BobaFetch::BobaFetchTests" /* BobaFetchTests */ = {
			isa = PBXNativeTarget;
			buildConfigurationList = OBJ_37 /* Build configuration list for PBXNativeTarget "BobaFetchTests" */;
			buildPhases = (
				OBJ_40 /* Sources */,
				OBJ_42 /* Frameworks */,
			);
			buildRules = (
			);
			dependencies = (
				OBJ_44 /* PBXTargetDependency */,
			);
			name = BobaFetchTests;
			productName = BobaFetchTests;
			productReference = "BobaFetch::BobaFetchTests::Product" /* BobaFetchTests.xctest */;
			productType = "com.apple.product-type.bundle.unit-test";
		};
		"BobaFetch::SwiftPMPackageDescription" /* BobaFetchPackageDescription */ = {
			isa = PBXNativeTarget;
			buildConfigurationList = OBJ_26 /* Build configuration list for PBXNativeTarget "BobaFetchPackageDescription" */;
			buildPhases = (
				OBJ_29 /* Sources */,
			);
			buildRules = (
			);
			dependencies = (
			);
			name = BobaFetchPackageDescription;
			productName = BobaFetchPackageDescription;
			productType = "com.apple.product-type.framework";
		};
/* End PBXNativeTarget section */

/* Begin PBXProject section */
		OBJ_1 /* Project object */ = {
			isa = PBXProject;
			attributes = {
				LastSwiftMigration = 9999;
				LastUpgradeCheck = 9999;
			};
			buildConfigurationList = OBJ_2 /* Build configuration list for PBXProject "BobaFetch" */;
			compatibilityVersion = "Xcode 3.2";
			developmentRegion = en;
			hasScannedForEncodings = 0;
			knownRegions = (
				en,
			);
			mainGroup = OBJ_5;
			productRefGroup = OBJ_13 /* Products */;
			projectDirPath = "";
			projectRoot = "";
			targets = (
				"BobaFetch::BobaFetch" /* BobaFetch */,
				"BobaFetch::SwiftPMPackageDescription" /* BobaFetchPackageDescription */,
				"BobaFetch::BobaFetchPackageTests::ProductTarget" /* BobaFetchPackageTests */,
				"BobaFetch::BobaFetchTests" /* BobaFetchTests */,
			);
		};
/* End PBXProject section */

/* Begin PBXSourcesBuildPhase section */
		OBJ_22 /* Sources */ = {
			isa = PBXSourcesBuildPhase;
			buildActionMask = 0;
			files = (
				3194A60726E1CF900071E638 /* Planets.swift in Sources */,
				3194A61E26E1D2280071E638 /* BobaFetch.swift in Sources */,
				3194A61D26E1D1200071E638 /* Extensions.swift in Sources */,
				3194A60526E1CF8D0071E638 /* Films.swift in Sources */,
				3194A60926E1CFA40071E638 /* Eyes.swift in Sources */,
				3194A61026E1CFD30071E638 /* Endpoints.swift in Sources */,
				3194A61326E1CFE00071E638 /* Networking.swift in Sources */,
			);
			runOnlyForDeploymentPostprocessing = 0;
		};
		OBJ_29 /* Sources */ = {
			isa = PBXSourcesBuildPhase;
			buildActionMask = 0;
			files = (
				OBJ_30 /* Package.swift in Sources */,
			);
			runOnlyForDeploymentPostprocessing = 0;
		};
		OBJ_40 /* Sources */ = {
			isa = PBXSourcesBuildPhase;
			buildActionMask = 0;
			files = (
				3194A61726E1D0460071E638 /* BobaFetchEyesTests.swift in Sources */,
				3194A61826E1D0460071E638 /* BobaFetchFilmsTests.swift in Sources */,
				3194A61926E1D0460071E638 /* BobaFetchPlanetsTests.swift in Sources */,
			);
			runOnlyForDeploymentPostprocessing = 0;
		};
/* End PBXSourcesBuildPhase section */

/* Begin PBXTargetDependency section */
		OBJ_35 /* PBXTargetDependency */ = {
			isa = PBXTargetDependency;
			target = "BobaFetch::BobaFetchTests" /* BobaFetchTests */;
			targetProxy = 3194A5D126E1CC8E0071E638 /* PBXContainerItemProxy */;
		};
		OBJ_44 /* PBXTargetDependency */ = {
			isa = PBXTargetDependency;
			target = "BobaFetch::BobaFetch" /* BobaFetch */;
			targetProxy = 3194A5D026E1CC8D0071E638 /* PBXContainerItemProxy */;
		};
/* End PBXTargetDependency section */

/* Begin XCBuildConfiguration section */
		OBJ_20 /* Debug */ = {
			isa = XCBuildConfiguration;
			buildSettings = {
				CURRENT_PROJECT_VERSION = 1;
				ENABLE_TESTABILITY = YES;
				FRAMEWORK_SEARCH_PATHS = (
					"$(inherited)",
					"$(PLATFORM_DIR)/Developer/Library/Frameworks",
				);
				HEADER_SEARCH_PATHS = "$(inherited)";
				INFOPLIST_FILE = BobaFetch.xcodeproj/BobaFetch_Info.plist;
				IPHONEOS_DEPLOYMENT_TARGET = 9.0;
				LD_RUNPATH_SEARCH_PATHS = "$(inherited) $(TOOLCHAIN_DIR)/usr/lib/swift/macosx";
				MACOSX_DEPLOYMENT_TARGET = 10.10;
				OTHER_CFLAGS = "$(inherited)";
				OTHER_LDFLAGS = "$(inherited)";
				OTHER_SWIFT_FLAGS = "$(inherited)";
				PRODUCT_BUNDLE_IDENTIFIER = BobaFetch;
				PRODUCT_MODULE_NAME = "$(TARGET_NAME:c99extidentifier)";
				PRODUCT_NAME = "$(TARGET_NAME:c99extidentifier)";
				SKIP_INSTALL = YES;
				SWIFT_ACTIVE_COMPILATION_CONDITIONS = "$(inherited)";
				SWIFT_VERSION = 5.0;
				TARGET_NAME = BobaFetch;
				TVOS_DEPLOYMENT_TARGET = 9.0;
				WATCHOS_DEPLOYMENT_TARGET = 2.0;
			};
			name = Debug;
		};
		OBJ_21 /* Release */ = {
			isa = XCBuildConfiguration;
			buildSettings = {
				CURRENT_PROJECT_VERSION = 1;
				ENABLE_TESTABILITY = YES;
				FRAMEWORK_SEARCH_PATHS = (
					"$(inherited)",
					"$(PLATFORM_DIR)/Developer/Library/Frameworks",
				);
				HEADER_SEARCH_PATHS = "$(inherited)";
				INFOPLIST_FILE = BobaFetch.xcodeproj/BobaFetch_Info.plist;
				IPHONEOS_DEPLOYMENT_TARGET = 9.0;
				LD_RUNPATH_SEARCH_PATHS = "$(inherited) $(TOOLCHAIN_DIR)/usr/lib/swift/macosx";
				MACOSX_DEPLOYMENT_TARGET = 10.10;
				OTHER_CFLAGS = "$(inherited)";
				OTHER_LDFLAGS = "$(inherited)";
				OTHER_SWIFT_FLAGS = "$(inherited)";
				PRODUCT_BUNDLE_IDENTIFIER = BobaFetch;
				PRODUCT_MODULE_NAME = "$(TARGET_NAME:c99extidentifier)";
				PRODUCT_NAME = "$(TARGET_NAME:c99extidentifier)";
				SKIP_INSTALL = YES;
				SWIFT_ACTIVE_COMPILATION_CONDITIONS = "$(inherited)";
				SWIFT_VERSION = 5.0;
				TARGET_NAME = BobaFetch;
				TVOS_DEPLOYMENT_TARGET = 9.0;
				WATCHOS_DEPLOYMENT_TARGET = 2.0;
			};
			name = Release;
		};
		OBJ_27 /* Debug */ = {
			isa = XCBuildConfiguration;
			buildSettings = {
				LD = /usr/bin/true;
				OTHER_SWIFT_FLAGS = "-swift-version 5 -I $(TOOLCHAIN_DIR)/usr/lib/swift/pm/4_2 -sdk /Applications/Xcode.app/Contents/Developer/Platforms/MacOSX.platform/Developer/SDKs/MacOSX11.3.sdk -package-description-version 5.3.0";
				SWIFT_VERSION = 5.0;
			};
			name = Debug;
		};
		OBJ_28 /* Release */ = {
			isa = XCBuildConfiguration;
			buildSettings = {
				LD = /usr/bin/true;
				OTHER_SWIFT_FLAGS = "-swift-version 5 -I $(TOOLCHAIN_DIR)/usr/lib/swift/pm/4_2 -sdk /Applications/Xcode.app/Contents/Developer/Platforms/MacOSX.platform/Developer/SDKs/MacOSX11.3.sdk -package-description-version 5.3.0";
				SWIFT_VERSION = 5.0;
			};
			name = Release;
		};
		OBJ_3 /* Debug */ = {
			isa = XCBuildConfiguration;
			buildSettings = {
				CLANG_ENABLE_OBJC_ARC = YES;
				COMBINE_HIDPI_IMAGES = YES;
				COPY_PHASE_STRIP = NO;
				DEBUG_INFORMATION_FORMAT = dwarf;
				DYLIB_INSTALL_NAME_BASE = "@rpath";
				ENABLE_NS_ASSERTIONS = YES;
				GCC_OPTIMIZATION_LEVEL = 0;
				GCC_PREPROCESSOR_DEFINITIONS = (
					"$(inherited)",
					"SWIFT_PACKAGE=1",
					"DEBUG=1",
				);
				MACOSX_DEPLOYMENT_TARGET = 10.10;
				ONLY_ACTIVE_ARCH = YES;
				OTHER_SWIFT_FLAGS = "$(inherited) -DXcode";
				PRODUCT_NAME = "$(TARGET_NAME)";
				SDKROOT = macosx;
				SUPPORTED_PLATFORMS = "$(AVAILABLE_PLATFORMS)";
				SUPPORTS_MACCATALYST = YES;
				SWIFT_ACTIVE_COMPILATION_CONDITIONS = "$(inherited) SWIFT_PACKAGE DEBUG";
				SWIFT_OPTIMIZATION_LEVEL = "-Onone";
				USE_HEADERMAP = NO;
			};
			name = Debug;
		};
		OBJ_33 /* Debug */ = {
			isa = XCBuildConfiguration;
			buildSettings = {
			};
			name = Debug;
		};
		OBJ_34 /* Release */ = {
			isa = XCBuildConfiguration;
			buildSettings = {
			};
			name = Release;
		};
		OBJ_38 /* Debug */ = {
			isa = XCBuildConfiguration;
			buildSettings = {
				CLANG_ENABLE_MODULES = YES;
				CURRENT_PROJECT_VERSION = 1;
				EMBEDDED_CONTENT_CONTAINS_SWIFT = YES;
				FRAMEWORK_SEARCH_PATHS = (
					"$(inherited)",
					"$(PLATFORM_DIR)/Developer/Library/Frameworks",
				);
				HEADER_SEARCH_PATHS = "$(inherited)";
				INFOPLIST_FILE = BobaFetch.xcodeproj/BobaFetchTests_Info.plist;
				IPHONEOS_DEPLOYMENT_TARGET = 14.0;
				LD_RUNPATH_SEARCH_PATHS = "$(inherited) @loader_path/../Frameworks @loader_path/Frameworks";
				MACOSX_DEPLOYMENT_TARGET = 10.15;
				OTHER_CFLAGS = "$(inherited)";
				OTHER_LDFLAGS = "$(inherited)";
				OTHER_SWIFT_FLAGS = "$(inherited)";
				SWIFT_ACTIVE_COMPILATION_CONDITIONS = "$(inherited)";
				SWIFT_VERSION = 5.0;
				TARGET_NAME = BobaFetchTests;
				TVOS_DEPLOYMENT_TARGET = 9.0;
				WATCHOS_DEPLOYMENT_TARGET = 7.0;
			};
			name = Debug;
		};
		OBJ_39 /* Release */ = {
			isa = XCBuildConfiguration;
			buildSettings = {
				CLANG_ENABLE_MODULES = YES;
				CURRENT_PROJECT_VERSION = 1;
				EMBEDDED_CONTENT_CONTAINS_SWIFT = YES;
				FRAMEWORK_SEARCH_PATHS = (
					"$(inherited)",
					"$(PLATFORM_DIR)/Developer/Library/Frameworks",
				);
				HEADER_SEARCH_PATHS = "$(inherited)";
				INFOPLIST_FILE = BobaFetch.xcodeproj/BobaFetchTests_Info.plist;
				IPHONEOS_DEPLOYMENT_TARGET = 14.0;
				LD_RUNPATH_SEARCH_PATHS = "$(inherited) @loader_path/../Frameworks @loader_path/Frameworks";
				MACOSX_DEPLOYMENT_TARGET = 10.15;
				OTHER_CFLAGS = "$(inherited)";
				OTHER_LDFLAGS = "$(inherited)";
				OTHER_SWIFT_FLAGS = "$(inherited)";
				SWIFT_ACTIVE_COMPILATION_CONDITIONS = "$(inherited)";
				SWIFT_VERSION = 5.0;
				TARGET_NAME = BobaFetchTests;
				TVOS_DEPLOYMENT_TARGET = 9.0;
				WATCHOS_DEPLOYMENT_TARGET = 7.0;
			};
			name = Release;
		};
		OBJ_4 /* Release */ = {
			isa = XCBuildConfiguration;
			buildSettings = {
				CLANG_ENABLE_OBJC_ARC = YES;
				COMBINE_HIDPI_IMAGES = YES;
				COPY_PHASE_STRIP = YES;
				DEBUG_INFORMATION_FORMAT = "dwarf-with-dsym";
				DYLIB_INSTALL_NAME_BASE = "@rpath";
				GCC_OPTIMIZATION_LEVEL = s;
				GCC_PREPROCESSOR_DEFINITIONS = (
					"$(inherited)",
					"SWIFT_PACKAGE=1",
				);
				MACOSX_DEPLOYMENT_TARGET = 10.10;
				OTHER_SWIFT_FLAGS = "$(inherited) -DXcode";
				PRODUCT_NAME = "$(TARGET_NAME)";
				SDKROOT = macosx;
				SUPPORTED_PLATFORMS = "$(AVAILABLE_PLATFORMS)";
				SUPPORTS_MACCATALYST = YES;
				SWIFT_ACTIVE_COMPILATION_CONDITIONS = "$(inherited) SWIFT_PACKAGE";
				SWIFT_OPTIMIZATION_LEVEL = "-Owholemodule";
				USE_HEADERMAP = NO;
			};
			name = Release;
		};
/* End XCBuildConfiguration section */

/* Begin XCConfigurationList section */
		OBJ_19 /* Build configuration list for PBXNativeTarget "BobaFetch" */ = {
			isa = XCConfigurationList;
			buildConfigurations = (
				OBJ_20 /* Debug */,
				OBJ_21 /* Release */,
			);
			defaultConfigurationIsVisible = 0;
			defaultConfigurationName = Release;
		};
		OBJ_2 /* Build configuration list for PBXProject "BobaFetch" */ = {
			isa = XCConfigurationList;
			buildConfigurations = (
				OBJ_3 /* Debug */,
				OBJ_4 /* Release */,
			);
			defaultConfigurationIsVisible = 0;
			defaultConfigurationName = Release;
		};
		OBJ_26 /* Build configuration list for PBXNativeTarget "BobaFetchPackageDescription" */ = {
			isa = XCConfigurationList;
			buildConfigurations = (
				OBJ_27 /* Debug */,
				OBJ_28 /* Release */,
			);
			defaultConfigurationIsVisible = 0;
			defaultConfigurationName = Release;
		};
		OBJ_32 /* Build configuration list for PBXAggregateTarget "BobaFetchPackageTests" */ = {
			isa = XCConfigurationList;
			buildConfigurations = (
				OBJ_33 /* Debug */,
				OBJ_34 /* Release */,
			);
			defaultConfigurationIsVisible = 0;
			defaultConfigurationName = Release;
		};
		OBJ_37 /* Build configuration list for PBXNativeTarget "BobaFetchTests" */ = {
			isa = XCConfigurationList;
			buildConfigurations = (
				OBJ_38 /* Debug */,
				OBJ_39 /* Release */,
			);
			defaultConfigurationIsVisible = 0;
			defaultConfigurationName = Release;
		};
/* End XCConfigurationList section */
	};
	rootObject = OBJ_1 /* Project object */;
}
