// !$*UTF8*$!
{
	archiveVersion = 1;
	classes = {
	};
	objectVersion = 50;
	objects = {

/* Begin PBXBuildFile section */
		3194A59526E19BE70071E638 /* AppDelegate.swift in Sources */ = {isa = PBXBuildFile; fileRef = 3194A59426E19BE70071E638 /* AppDelegate.swift */; };
		3194A59726E19BE70071E638 /* SceneDelegate.swift in Sources */ = {isa = PBXBuildFile; fileRef = 3194A59626E19BE70071E638 /* SceneDelegate.swift */; };
		3194A59E26E19BE90071E638 /* Assets.xcassets in Resources */ = {isa = PBXBuildFile; fileRef = 3194A59D26E19BE90071E638 /* Assets.xcassets */; };
		3194A5A126E19BE90071E638 /* LaunchScreen.storyboard in Resources */ = {isa = PBXBuildFile; fileRef = 3194A59F26E19BE90071E638 /* LaunchScreen.storyboard */; };
		3194A5B226E19C510071E638 /* BobaFetch.framework in Frameworks */ = {isa = PBXBuildFile; fileRef = 3194A5B126E19C510071E638 /* BobaFetch.framework */; };
		3194A5B326E19C510071E638 /* BobaFetch.framework in Embed Frameworks */ = {isa = PBXBuildFile; fileRef = 3194A5B126E19C510071E638 /* BobaFetch.framework */; settings = {ATTRIBUTES = (CodeSignOnCopy, RemoveHeadersOnCopy, ); }; };
		3194A5B726E1A0B50071E638 /* DemoViewController.swift in Sources */ = {isa = PBXBuildFile; fileRef = 3194A5B526E1A0B50071E638 /* DemoViewController.swift */; };
		3194A5B826E1A0B50071E638 /* DemoViewController.xib in Resources */ = {isa = PBXBuildFile; fileRef = 3194A5B626E1A0B50071E638 /* DemoViewController.xib */; };
/* End PBXBuildFile section */

/* Begin PBXCopyFilesBuildPhase section */
		3194A5B426E19C510071E638 /* Embed Frameworks */ = {
			isa = PBXCopyFilesBuildPhase;
			buildActionMask = 2147483647;
			dstPath = "";
			dstSubfolderSpec = 10;
			files = (
				3194A5B326E19C510071E638 /* BobaFetch.framework in Embed Frameworks */,
			);
			name = "Embed Frameworks";
			runOnlyForDeploymentPostprocessing = 0;
		};
/* End PBXCopyFilesBuildPhase section */

/* Begin PBXFileReference section */
		3194A59126E19BE70071E638 /* BobaFetchDemoApp.app */ = {isa = PBXFileReference; explicitFileType = wrapper.application; includeInIndex = 0; path = BobaFetchDemoApp.app; sourceTree = BUILT_PRODUCTS_DIR; };
		3194A59426E19BE70071E638 /* AppDelegate.swift */ = {isa = PBXFileReference; lastKnownFileType = sourcecode.swift; path = AppDelegate.swift; sourceTree = "<group>"; };
		3194A59626E19BE70071E638 /* SceneDelegate.swift */ = {isa = PBXFileReference; lastKnownFileType = sourcecode.swift; path = SceneDelegate.swift; sourceTree = "<group>"; };
		3194A59D26E19BE90071E638 /* Assets.xcassets */ = {isa = PBXFileReference; lastKnownFileType = folder.assetcatalog; path = Assets.xcassets; sourceTree = "<group>"; };
		3194A5A026E19BE90071E638 /* Base */ = {isa = PBXFileReference; lastKnownFileType = file.storyboard; name = Base; path = Base.lproj/LaunchScreen.storyboard; sourceTree = "<group>"; };
		3194A5A226E19BE90071E638 /* Info.plist */ = {isa = PBXFileReference; lastKnownFileType = text.plist.xml; path = Info.plist; sourceTree = "<group>"; };
		3194A5B126E19C510071E638 /* BobaFetch.framework */ = {isa = PBXFileReference; explicitFileType = wrapper.framework; path = BobaFetch.framework; sourceTree = BUILT_PRODUCTS_DIR; };
		3194A5B526E1A0B50071E638 /* DemoViewController.swift */ = {isa = PBXFileReference; lastKnownFileType = sourcecode.swift; path = DemoViewController.swift; sourceTree = "<group>"; };
		3194A5B626E1A0B50071E638 /* DemoViewController.xib */ = {isa = PBXFileReference; lastKnownFileType = file.xib; path = DemoViewController.xib; sourceTree = "<group>"; };
/* End PBXFileReference section */

/* Begin PBXFrameworksBuildPhase section */
		3194A58E26E19BE70071E638 /* Frameworks */ = {
			isa = PBXFrameworksBuildPhase;
			buildActionMask = 2147483647;
			files = (
				3194A5B226E19C510071E638 /* BobaFetch.framework in Frameworks */,
			);
			runOnlyForDeploymentPostprocessing = 0;
		};
/* End PBXFrameworksBuildPhase section */

/* Begin PBXGroup section */
		3194A58826E19BE70071E638 = {
			isa = PBXGroup;
			children = (
				3194A59326E19BE70071E638 /* BobaFetchDemoApp */,
				3194A59226E19BE70071E638 /* Products */,
				3194A5B026E19C510071E638 /* Frameworks */,
			);
			sourceTree = "<group>";
		};
		3194A59226E19BE70071E638 /* Products */ = {
			isa = PBXGroup;
			children = (
				3194A59126E19BE70071E638 /* BobaFetchDemoApp.app */,
			);
			name = Products;
			sourceTree = "<group>";
		};
		3194A59326E19BE70071E638 /* BobaFetchDemoApp */ = {
			isa = PBXGroup;
			children = (
				3194A59426E19BE70071E638 /* AppDelegate.swift */,
				3194A59626E19BE70071E638 /* SceneDelegate.swift */,
				3194A59D26E19BE90071E638 /* Assets.xcassets */,
				3194A59F26E19BE90071E638 /* LaunchScreen.storyboard */,
				3194A5A226E19BE90071E638 /* Info.plist */,
				3194A5B526E1A0B50071E638 /* DemoViewController.swift */,
				3194A5B626E1A0B50071E638 /* DemoViewController.xib */,
			);
			path = BobaFetchDemoApp;
			sourceTree = "<group>";
		};
		3194A5B026E19C510071E638 /* Frameworks */ = {
			isa = PBXGroup;
			children = (
				3194A5B126E19C510071E638 /* BobaFetch.framework */,
			);
			name = Frameworks;
			sourceTree = "<group>";
		};
/* End PBXGroup section */

/* Begin PBXNativeTarget section */
		3194A59026E19BE70071E638 /* BobaFetchDemoApp */ = {
			isa = PBXNativeTarget;
			buildConfigurationList = 3194A5A526E19BE90071E638 /* Build configuration list for PBXNativeTarget "BobaFetchDemoApp" */;
			buildPhases = (
				3194A58D26E19BE70071E638 /* Sources */,
				3194A58E26E19BE70071E638 /* Frameworks */,
				3194A58F26E19BE70071E638 /* Resources */,
				3194A5B426E19C510071E638 /* Embed Frameworks */,
			);
			buildRules = (
			);
			dependencies = (
			);
			name = BobaFetchDemoApp;
			productName = BobaFetchDemoApp;
			productReference = 3194A59126E19BE70071E638 /* BobaFetchDemoApp.app */;
			productType = "com.apple.product-type.application";
		};
/* End PBXNativeTarget section */

/* Begin PBXProject section */
		3194A58926E19BE70071E638 /* Project object */ = {
			isa = PBXProject;
			attributes = {
				LastSwiftUpdateCheck = 1250;
				LastUpgradeCheck = 1250;
				TargetAttributes = {
					3194A59026E19BE70071E638 = {
						CreatedOnToolsVersion = 12.5.1;
					};
				};
			};
			buildConfigurationList = 3194A58C26E19BE70071E638 /* Build configuration list for PBXProject "BobaFetchDemoApp" */;
			compatibilityVersion = "Xcode 9.3";
			developmentRegion = en;
			hasScannedForEncodings = 0;
			knownRegions = (
				en,
				Base,
			);
			mainGroup = 3194A58826E19BE70071E638;
			productRefGroup = 3194A59226E19BE70071E638 /* Products */;
			projectDirPath = "";
			projectRoot = "";
			targets = (
				3194A59026E19BE70071E638 /* BobaFetchDemoApp */,
			);
		};
/* End PBXProject section */

/* Begin PBXResourcesBuildPhase section */
		3194A58F26E19BE70071E638 /* Resources */ = {
			isa = PBXResourcesBuildPhase;
			buildActionMask = 2147483647;
			files = (
				3194A5A126E19BE90071E638 /* LaunchScreen.storyboard in Resources */,
				3194A59E26E19BE90071E638 /* Assets.xcassets in Resources */,
				3194A5B826E1A0B50071E638 /* DemoViewController.xib in Resources */,
			);
			runOnlyForDeploymentPostprocessing = 0;
		};
/* End PBXResourcesBuildPhase section */

/* Begin PBXSourcesBuildPhase section */
		3194A58D26E19BE70071E638 /* Sources */ = {
			isa = PBXSourcesBuildPhase;
			buildActionMask = 2147483647;
			files = (
				3194A59526E19BE70071E638 /* AppDelegate.swift in Sources */,
				3194A59726E19BE70071E638 /* SceneDelegate.swift in Sources */,
				3194A5B726E1A0B50071E638 /* DemoViewController.swift in Sources */,
			);
			runOnlyForDeploymentPostprocessing = 0;
		};
/* End PBXSourcesBuildPhase section */

/* Begin PBXVariantGroup section */
		3194A59F26E19BE90071E638 /* LaunchScreen.storyboard */ = {
			isa = PBXVariantGroup;
			children = (
				3194A5A026E19BE90071E638 /* Base */,
			);
			name = LaunchScreen.storyboard;
			sourceTree = "<group>";
		};
/* End PBXVariantGroup section */

/* Begin XCBuildConfiguration section */
		3194A5A326E19BE90071E638 /* Debug */ = {
			isa = XCBuildConfiguration;
			buildSettings = {
				ALWAYS_SEARCH_USER_PATHS = NO;
				CLANG_ANALYZER_NONNULL = YES;
				CLANG_ANALYZER_NUMBER_OBJECT_CONVERSION = YES_AGGRESSIVE;
				CLANG_CXX_LANGUAGE_STANDARD = "gnu++14";
				CLANG_CXX_LIBRARY = "libc++";
				CLANG_ENABLE_MODULES = YES;
				CLANG_ENABLE_OBJC_ARC = YES;
				CLANG_ENABLE_OBJC_WEAK = YES;
				CLANG_WARN_BLOCK_CAPTURE_AUTORELEASING = YES;
				CLANG_WARN_BOOL_CONVERSION = YES;
				CLANG_WARN_COMMA = YES;
				CLANG_WARN_CONSTANT_CONVERSION = YES;
				CLANG_WARN_DEPRECATED_OBJC_IMPLEMENTATIONS = YES;
				CLANG_WARN_DIRECT_OBJC_ISA_USAGE = YES_ERROR;
				CLANG_WARN_DOCUMENTATION_COMMENTS = YES;
				CLANG_WARN_EMPTY_BODY = YES;
				CLANG_WARN_ENUM_CONVERSION = YES;
				CLANG_WARN_INFINITE_RECURSION = YES;
				CLANG_WARN_INT_CONVERSION = YES;
				CLANG_WARN_NON_LITERAL_NULL_CONVERSION = YES;
				CLANG_WARN_OBJC_IMPLICIT_RETAIN_SELF = YES;
				CLANG_WARN_OBJC_LITERAL_CONVERSION = YES;
				CLANG_WARN_OBJC_ROOT_CLASS = YES_ERROR;
				CLANG_WARN_QUOTED_INCLUDE_IN_FRAMEWORK_HEADER = YES;
				CLANG_WARN_RANGE_LOOP_ANALYSIS = YES;
				CLANG_WARN_STRICT_PROTOTYPES = YES;
				CLANG_WARN_SUSPICIOUS_MOVE = YES;
				CLANG_WARN_UNGUARDED_AVAILABILITY = YES_AGGRESSIVE;
				CLANG_WARN_UNREACHABLE_CODE = YES;
				CLANG_WARN__DUPLICATE_METHOD_MATCH = YES;
				COPY_PHASE_STRIP = NO;
				DEBUG_INFORMATION_FORMAT = dwarf;
				ENABLE_STRICT_OBJC_MSGSEND = YES;
				ENABLE_TESTABILITY = YES;
				GCC_C_LANGUAGE_STANDARD = gnu11;
				GCC_DYNAMIC_NO_PIC = NO;
				GCC_NO_COMMON_BLOCKS = YES;
				GCC_OPTIMIZATION_LEVEL = 0;
				GCC_PREPROCESSOR_DEFINITIONS = (
					"DEBUG=1",
					"$(inherited)",
				);
				GCC_WARN_64_TO_32_BIT_CONVERSION = YES;
				GCC_WARN_ABOUT_RETURN_TYPE = YES_ERROR;
				GCC_WARN_UNDECLARED_SELECTOR = YES;
				GCC_WARN_UNINITIALIZED_AUTOS = YES_AGGRESSIVE;
				GCC_WARN_UNUSED_FUNCTION = YES;
				GCC_WARN_UNUSED_VARIABLE = YES;
				IPHONEOS_DEPLOYMENT_TARGET = 14.5;
				MTL_ENABLE_DEBUG_INFO = INCLUDE_SOURCE;
				MTL_FAST_MATH = YES;
				ONLY_ACTIVE_ARCH = YES;
				SDKROOT = iphoneos;
				SWIFT_ACTIVE_COMPILATION_CONDITIONS = DEBUG;
				SWIFT_OPTIMIZATION_LEVEL = "-Onone";
			};
			name = Debug;
		};
		3194A5A426E19BE90071E638 /* Release */ = {
			isa = XCBuildConfiguration;
			buildSettings = {
				ALWAYS_SEARCH_USER_PATHS = NO;
				CLANG_ANALYZER_NONNULL = YES;
				CLANG_ANALYZER_NUMBER_OBJECT_CONVERSION = YES_AGGRESSIVE;
				CLANG_CXX_LANGUAGE_STANDARD = "gnu++14";
				CLANG_CXX_LIBRARY = "libc++";
				CLANG_ENABLE_MODULES = YES;
				CLANG_ENABLE_OBJC_ARC = YES;
				CLANG_ENABLE_OBJC_WEAK = YES;
				CLANG_WARN_BLOCK_CAPTURE_AUTORELEASING = YES;
				CLANG_WARN_BOOL_CONVERSION = YES;
				CLANG_WARN_COMMA = YES;
				CLANG_WARN_CONSTANT_CONVERSION = YES;
				CLANG_WARN_DEPRECATED_OBJC_IMPLEMENTATIONS = YES;
				CLANG_WARN_DIRECT_OBJC_ISA_USAGE = YES_ERROR;
				CLANG_WARN_DOCUMENTATION_COMMENTS = YES;
				CLANG_WARN_EMPTY_BODY = YES;
				CLANG_WARN_ENUM_CONVERSION = YES;
				CLANG_WARN_INFINITE_RECURSION = YES;
				CLANG_WARN_INT_CONVERSION = YES;
				CLANG_WARN_NON_LITERAL_NULL_CONVERSION = YES;
				CLANG_WARN_OBJC_IMPLICIT_RETAIN_SELF = YES;
				CLANG_WARN_OBJC_LITERAL_CONVERSION = YES;
				CLANG_WARN_OBJC_ROOT_CLASS = YES_ERROR;
				CLANG_WARN_QUOTED_INCLUDE_IN_FRAMEWORK_HEADER = YES;
				CLANG_WARN_RANGE_LOOP_ANALYSIS = YES;
				CLANG_WARN_STRICT_PROTOTYPES = YES;
				CLANG_WARN_SUSPICIOUS_MOVE = YES;
				CLANG_WARN_UNGUARDED_AVAILABILITY = YES_AGGRESSIVE;
				CLANG_WARN_UNREACHABLE_CODE = YES;
				CLANG_WARN__DUPLICATE_METHOD_MATCH = YES;
				COPY_PHASE_STRIP = NO;
				DEBUG_INFORMATION_FORMAT = "dwarf-with-dsym";
				ENABLE_NS_ASSERTIONS = NO;
				ENABLE_STRICT_OBJC_MSGSEND = YES;
				GCC_C_LANGUAGE_STANDARD = gnu11;
				GCC_NO_COMMON_BLOCKS = YES;
				GCC_WARN_64_TO_32_BIT_CONVERSION = YES;
				GCC_WARN_ABOUT_RETURN_TYPE = YES_ERROR;
				GCC_WARN_UNDECLARED_SELECTOR = YES;
				GCC_WARN_UNINITIALIZED_AUTOS = YES_AGGRESSIVE;
				GCC_WARN_UNUSED_FUNCTION = YES;
				GCC_WARN_UNUSED_VARIABLE = YES;
				IPHONEOS_DEPLOYMENT_TARGET = 14.5;
				MTL_ENABLE_DEBUG_INFO = NO;
				MTL_FAST_MATH = YES;
				SDKROOT = iphoneos;
				SWIFT_COMPILATION_MODE = wholemodule;
				SWIFT_OPTIMIZATION_LEVEL = "-O";
				VALIDATE_PRODUCT = YES;
			};
			name = Release;
		};
		3194A5A626E19BE90071E638 /* Debug */ = {
			isa = XCBuildConfiguration;
			buildSettings = {
				ASSETCATALOG_COMPILER_APPICON_NAME = AppIcon;
				ASSETCATALOG_COMPILER_GLOBAL_ACCENT_COLOR_NAME = AccentColor;
				CODE_SIGN_STYLE = Automatic;
				DEVELOPMENT_TEAM = 764CCJ2LYX;
				INFOPLIST_FILE = BobaFetchDemoApp/Info.plist;
				LD_RUNPATH_SEARCH_PATHS = (
					"$(inherited)",
					"@executable_path/Frameworks",
				);
				PRODUCT_BUNDLE_IDENTIFIER = com.mc.BobaFetchDemoApp;
				PRODUCT_NAME = "$(TARGET_NAME)";
				SWIFT_VERSION = 5.0;
				TARGETED_DEVICE_FAMILY = "1,2";
			};
			name = Debug;
		};
		3194A5A726E19BE90071E638 /* Release */ = {
			isa = XCBuildConfiguration;
			buildSettings = {
				ASSETCATALOG_COMPILER_APPICON_NAME = AppIcon;
				ASSETCATALOG_COMPILER_GLOBAL_ACCENT_COLOR_NAME = AccentColor;
				CODE_SIGN_STYLE = Automatic;
				DEVELOPMENT_TEAM = 764CCJ2LYX;
				INFOPLIST_FILE = BobaFetchDemoApp/Info.plist;
				LD_RUNPATH_SEARCH_PATHS = (
					"$(inherited)",
					"@executable_path/Frameworks",
				);
				PRODUCT_BUNDLE_IDENTIFIER = com.mc.BobaFetchDemoApp;
				PRODUCT_NAME = "$(TARGET_NAME)";
				SWIFT_VERSION = 5.0;
				TARGETED_DEVICE_FAMILY = "1,2";
			};
			name = Release;
		};
/* End XCBuildConfiguration section */

/* Begin XCConfigurationList section */
		3194A58C26E19BE70071E638 /* Build configuration list for PBXProject "BobaFetchDemoApp" */ = {
			isa = XCConfigurationList;
			buildConfigurations = (
				3194A5A326E19BE90071E638 /* Debug */,
				3194A5A426E19BE90071E638 /* Release */,
			);
			defaultConfigurationIsVisible = 0;
			defaultConfigurationName = Release;
		};
		3194A5A526E19BE90071E638 /* Build configuration list for PBXNativeTarget "BobaFetchDemoApp" */ = {
			isa = XCConfigurationList;
			buildConfigurations = (
				3194A5A626E19BE90071E638 /* Debug */,
				3194A5A726E19BE90071E638 /* Release */,
			);
			defaultConfigurationIsVisible = 0;
			defaultConfigurationName = Release;
		};
/* End XCConfigurationList section */
	};
	rootObject = 3194A58926E19BE70071E638 /* Project object */;
}
